
Microsoft Visual Studio Solution File, Format Version 12.00
# Visual Studio Version 16
VisualStudioVersion = 16.0.29409.12
MinimumVisualStudioVersion = 10.0.40219.1
Project("{2150E333-8FDC-42A3-9474-1A3956D46DE8}") = "API", "API", "{386B16DA-79C4-44AC-8D02-FC463B90AAA5}"
EndProject
Project("{2150E333-8FDC-42A3-9474-1A3956D46DE8}") = "Domain", "Domain", "{75B9331F-1D3B-42B4-8CAF-423095B9B886}"
EndProject
Project("{2150E333-8FDC-42A3-9474-1A3956D46DE8}") = "Core", "Core", "{997CC141-B57A-4B3E-BD93-4D0599B70CC8}"
EndProject
Project("{2150E333-8FDC-42A3-9474-1A3956D46DE8}") = "Utilities", "Utilities", "{643C4B5C-9E41-4B97-B3A2-B61578B5B852}"
EndProject
Project("{2150E333-8FDC-42A3-9474-1A3956D46DE8}") = "Data", "Data", "{1FB652B3-0320-4072-8F57-EA5625508A49}"
EndProject
Project("{9A19103F-16F7-4668-BE54-9A1E7A4F7556}") = "API", "API\API.csproj", "{21FEC53F-53AE-487D-8E01-DB53EF9E9FFD}"
	ProjectSection(ProjectDependencies) = postProject
		{1AB6D037-2D88-404E-8559-D8CB965EE949} = {1AB6D037-2D88-404E-8559-D8CB965EE949}
		{D6547048-96E7-48C7-9341-CD824CFA5C49} = {D6547048-96E7-48C7-9341-CD824CFA5C49}
		{EC6E7ABA-638C-4424-92BF-A07866B0145D} = {EC6E7ABA-638C-4424-92BF-A07866B0145D}
	EndProjectSection
EndProject
Project("{9A19103F-16F7-4668-BE54-9A1E7A4F7556}") = "Data", "Data\Data.csproj", "{D6547048-96E7-48C7-9341-CD824CFA5C49}"
EndProject
Project("{9A19103F-16F7-4668-BE54-9A1E7A4F7556}") = "Domain", "Domain\Domain.csproj", "{EC6E7ABA-638C-4424-92BF-A07866B0145D}"
EndProject
Project("{9A19103F-16F7-4668-BE54-9A1E7A4F7556}") = "Utilities", "Utilities\Utilities.csproj", "{48955D3D-CC0E-4969-BA01-3115152CAD48}"
EndProject
Project("{9A19103F-16F7-4668-BE54-9A1E7A4F7556}") = "Core", "Core\Core.csproj", "{1AB6D037-2D88-404E-8559-D8CB965EE949}"
EndProject
Global
	GlobalSection(SolutionConfigurationPlatforms) = preSolution
		Debug|Any CPU = Debug|Any CPU
		Release|Any CPU = Release|Any CPU
	EndGlobalSection
	GlobalSection(ProjectConfigurationPlatforms) = postSolution
		{21FEC53F-53AE-487D-8E01-DB53EF9E9FFD}.Debug|Any CPU.ActiveCfg = Debug|Any CPU
		{21FEC53F-53AE-487D-8E01-DB53EF9E9FFD}.Debug|Any CPU.Build.0 = Debug|Any CPU
		{21FEC53F-53AE-487D-8E01-DB53EF9E9FFD}.Release|Any CPU.ActiveCfg = Release|Any CPU
		{21FEC53F-53AE-487D-8E01-DB53EF9E9FFD}.Release|Any CPU.Build.0 = Release|Any CPU
		{D6547048-96E7-48C7-9341-CD824CFA5C49}.Debug|Any CPU.ActiveCfg = Debug|Any CPU
		{D6547048-96E7-48C7-9341-CD824CFA5C49}.Debug|Any CPU.Build.0 = Debug|Any CPU
		{D6547048-96E7-48C7-9341-CD824CFA5C49}.Release|Any CPU.ActiveCfg = Release|Any CPU
		{D6547048-96E7-48C7-9341-CD824CFA5C49}.Release|Any CPU.Build.0 = Release|Any CPU
		{EC6E7ABA-638C-4424-92BF-A07866B0145D}.Debug|Any CPU.ActiveCfg = Debug|Any CPU
		{EC6E7ABA-638C-4424-92BF-A07866B0145D}.Debug|Any CPU.Build.0 = Debug|Any CPU
		{EC6E7ABA-638C-4424-92BF-A07866B0145D}.Release|Any CPU.ActiveCfg = Release|Any CPU
		{EC6E7ABA-638C-4424-92BF-A07866B0145D}.Release|Any CPU.Build.0 = Release|Any CPU
		{48955D3D-CC0E-4969-BA01-3115152CAD48}.Debug|Any CPU.ActiveCfg = Debug|Any CPU
		{48955D3D-CC0E-4969-BA01-3115152CAD48}.Debug|Any CPU.Build.0 = Debug|Any CPU
		{48955D3D-CC0E-4969-BA01-3115152CAD48}.Release|Any CPU.ActiveCfg = Release|Any CPU
		{48955D3D-CC0E-4969-BA01-3115152CAD48}.Release|Any CPU.Build.0 = Release|Any CPU
		{1AB6D037-2D88-404E-8559-D8CB965EE949}.Debug|Any CPU.ActiveCfg = Debug|Any CPU
		{1AB6D037-2D88-404E-8559-D8CB965EE949}.Debug|Any CPU.Build.0 = Debug|Any CPU
		{1AB6D037-2D88-404E-8559-D8CB965EE949}.Release|Any CPU.ActiveCfg = Release|Any CPU
		{1AB6D037-2D88-404E-8559-D8CB965EE949}.Release|Any CPU.Build.0 = Release|Any CPU
	EndGlobalSection
	GlobalSection(SolutionProperties) = preSolution
		HideSolutionNode = FALSE
	EndGlobalSection
	GlobalSection(NestedProjects) = preSolution
		{21FEC53F-53AE-487D-8E01-DB53EF9E9FFD} = {386B16DA-79C4-44AC-8D02-FC463B90AAA5}
		{D6547048-96E7-48C7-9341-CD824CFA5C49} = {1FB652B3-0320-4072-8F57-EA5625508A49}
		{EC6E7ABA-638C-4424-92BF-A07866B0145D} = {75B9331F-1D3B-42B4-8CAF-423095B9B886}
		{48955D3D-CC0E-4969-BA01-3115152CAD48} = {643C4B5C-9E41-4B97-B3A2-B61578B5B852}
		{1AB6D037-2D88-404E-8559-D8CB965EE949} = {997CC141-B57A-4B3E-BD93-4D0599B70CC8}
	EndGlobalSection
	GlobalSection(ExtensibilityGlobals) = postSolution
		SolutionGuid = {43D73C4D-5453-4189-AFE8-3CE4B16BB1C4}
	EndGlobalSection
EndGlobal
